
Microsoft Visual Studio Solution File, Format Version 12.00
# Visual Studio Version 16
VisualStudioVersion = 16.0.31321.278
MinimumVisualStudioVersion = 10.0.40219.1
Project("{8BC9CEB8-8B4A-11D0-8D11-00A0C91BC942}") = "SPX_Engine", "SPX_Engine\SPX_Engine.vcxproj", "{153B45FC-96F2-4937-9EFC-08647339BD28}"
EndProject
Project("{8BC9CEB8-8B4A-11D0-8D11-00A0C91BC942}") = "TestApp", "TestApp\TestApp.vcxproj", "{1928F5FE-1348-4EBC-80F0-8EAFD33E9CD1}"
EndProject
Global
	GlobalSection(SolutionConfigurationPlatforms) = preSolution
		Debug|x64 = Debug|x64
		Debug|x86 = Debug|x86
		Release|x64 = Release|x64
		Release|x86 = Release|x86
	EndGlobalSection
	GlobalSection(ProjectConfigurationPlatforms) = postSolution
		{153B45FC-96F2-4937-9EFC-08647339BD28}.Debug|x64.ActiveCfg = Debug|x64
		{153B45FC-96F2-4937-9EFC-08647339BD28}.Debug|x64.Build.0 = Debug|x64
		{153B45FC-96F2-4937-9EFC-08647339BD28}.Debug|x86.ActiveCfg = Debug|Win32
		{153B45FC-96F2-4937-9EFC-08647339BD28}.Debug|x86.Build.0 = Debug|Win32
		{153B45FC-96F2-4937-9EFC-08647339BD28}.Release|x64.ActiveCfg = Release|x64
		{153B45FC-96F2-4937-9EFC-08647339BD28}.Release|x64.Build.0 = Release|x64
		{153B45FC-96F2-4937-9EFC-08647339BD28}.Release|x86.ActiveCfg = Release|Win32
		{153B45FC-96F2-4937-9EFC-08647339BD28}.Release|x86.Build.0 = Release|Win32
		{1928F5FE-1348-4EBC-80F0-8EAFD33E9CD1}.Debug|x64.ActiveCfg = Debug|x64
		{1928F5FE-1348-4EBC-80F0-8EAFD33E9CD1}.Debug|x64.Build.0 = Debug|x64
		{1928F5FE-1348-4EBC-80F0-8EAFD33E9CD1}.Debug|x86.ActiveCfg = Debug|Win32
		{1928F5FE-1348-4EBC-80F0-8EAFD33E9CD1}.Debug|x86.Build.0 = Debug|Win32
		{1928F5FE-1348-4EBC-80F0-8EAFD33E9CD1}.Release|x64.ActiveCfg = Release|x64
		{1928F5FE-1348-4EBC-80F0-8EAFD33E9CD1}.Release|x64.Build.0 = Release|x64
		{1928F5FE-1348-4EBC-80F0-8EAFD33E9CD1}.Release|x86.ActiveCfg = Release|Win32
		{1928F5FE-1348-4EBC-80F0-8EAFD33E9CD1}.Release|x86.Build.0 = Release|Win32
	EndGlobalSection
	GlobalSection(SolutionProperties) = preSolution
		HideSolutionNode = FALSE
	EndGlobalSection
	GlobalSection(ExtensibilityGlobals) = postSolution
		SolutionGuid = {1D3DD0A9-046B-4306-9799-7032661D7EC2}
	EndGlobalSection
EndGlobal
